
Microsoft Visual Studio Solution File, Format Version 12.00
# Visual Studio Version 16
VisualStudioVersion = 16.0.32802.440
MinimumVisualStudioVersion = 10.0.40219.1
Project("{9A19103F-16F7-4668-BE54-9A1E7A4F7556}") = "WinFormsMenu", "WinFormsMenu\WinFormsMenu.csproj", "{78463C27-9AE1-4E04-866C-09B6615C5B0C}"
EndProject
Project("{FAE04EC0-301F-11D3-BF4B-00C04F79EFBC}") = "WinFormsAppNotebook", "WinFormsAppNotebook\WinFormsAppNotebook.csproj", "{0F457908-C5BF-4C8D-84CD-11AFDB8A6234}"
EndProject
Global
	GlobalSection(SolutionConfigurationPlatforms) = preSolution
		Debug|Any CPU = Debug|Any CPU
		Release|Any CPU = Release|Any CPU
	EndGlobalSection
	GlobalSection(ProjectConfigurationPlatforms) = postSolution
		{78463C27-9AE1-4E04-866C-09B6615C5B0C}.Debug|Any CPU.ActiveCfg = Debug|Any CPU
		{78463C27-9AE1-4E04-866C-09B6615C5B0C}.Debug|Any CPU.Build.0 = Debug|Any CPU
		{78463C27-9AE1-4E04-866C-09B6615C5B0C}.Release|Any CPU.ActiveCfg = Release|Any CPU
		{78463C27-9AE1-4E04-866C-09B6615C5B0C}.Release|Any CPU.Build.0 = Release|Any CPU
		{0F457908-C5BF-4C8D-84CD-11AFDB8A6234}.Debug|Any CPU.ActiveCfg = Debug|Any CPU
		{0F457908-C5BF-4C8D-84CD-11AFDB8A6234}.Debug|Any CPU.Build.0 = Debug|Any CPU
		{0F457908-C5BF-4C8D-84CD-11AFDB8A6234}.Release|Any CPU.ActiveCfg = Release|Any CPU
		{0F457908-C5BF-4C8D-84CD-11AFDB8A6234}.Release|Any CPU.Build.0 = Release|Any CPU
	EndGlobalSection
	GlobalSection(SolutionProperties) = preSolution
		HideSolutionNode = FALSE
	EndGlobalSection
	GlobalSection(ExtensibilityGlobals) = postSolution
		SolutionGuid = {92735DF1-BDFD-4994-A872-CA1057E15FEF}
	EndGlobalSection
EndGlobal
